
Microsoft Visual Studio Solution File, Format Version 12.00
# Visual Studio Version 17
VisualStudioVersion = 17.14.36429.23 d17.14
MinimumVisualStudioVersion = 10.0.40219.1
Project("{FAE04EC0-301F-11D3-BF4B-00C04F79EFBC}") = "OpAritmeticos", "OpAritmeticos\OpAritmeticos.csproj", "{59242451-0450-4313-9865-C81303A70047}"
EndProject
Global
	GlobalSection(SolutionConfigurationPlatforms) = preSolution
		Debug|Any CPU = Debug|Any CPU
		Release|Any CPU = Release|Any CPU
	EndGlobalSection
	GlobalSection(ProjectConfigurationPlatforms) = postSolution
		{59242451-0450-4313-9865-C81303A70047}.Debug|Any CPU.ActiveCfg = Debug|Any CPU
		{59242451-0450-4313-9865-C81303A70047}.Debug|Any CPU.Build.0 = Debug|Any CPU
		{59242451-0450-4313-9865-C81303A70047}.Release|Any CPU.ActiveCfg = Release|Any CPU
		{59242451-0450-4313-9865-C81303A70047}.Release|Any CPU.Build.0 = Release|Any CPU
	EndGlobalSection
	GlobalSection(SolutionProperties) = preSolution
		HideSolutionNode = FALSE
	EndGlobalSection
	GlobalSection(ExtensibilityGlobals) = postSolution
		SolutionGuid = {92F5FFAF-DCE0-483E-A414-BD49DD5E27FA}
	EndGlobalSection
EndGlobal
