
Microsoft Visual Studio Solution File, Format Version 12.00
# Visual Studio Version 17
VisualStudioVersion = 17.0.31903.59
MinimumVisualStudioVersion = 10.0.40219.1
Project("{FAE04EC0-301F-11D3-BF4B-00C04F79EFBC}") = "CriandoUmMetodo", "CriandoUmMetodo\CriandoUmMetodo.csproj", "{B48B7522-4254-4DD9-B1C6-D5E61EA433D9}"
EndProject
Project("{FAE04EC0-301F-11D3-BF4B-00C04F79EFBC}") = "SegundoProblema", "SegundoProblema\SegundoProblema.csproj", "{B6BD99AE-4AE9-4A77-A2EE-CF8D7FDFD485}"
EndProject
Project("{2150E333-8FDC-42A3-9474-1A3956D46DE8}") = "ExPropostos", "ExPropostos", "{C288065C-2CEF-78A7-B1E0-7A670E555337}"
EndProject
Project("{FAE04EC0-301F-11D3-BF4B-00C04F79EFBC}") = "EX1", "ExPropostos\EX1\EX1.csproj", "{5E015F71-0247-48C6-A3F2-E98E46BE9B74}"
EndProject
Project("{FAE04EC0-301F-11D3-BF4B-00C04F79EFBC}") = "EX2", "EX2\EX2.csproj", "{3D400263-BD30-4D03-9C16-292EACFB18BA}"
EndProject
Project("{FAE04EC0-301F-11D3-BF4B-00C04F79EFBC}") = "TF2", "ExPropostos\TF2\TF2.csproj", "{1D5D87FE-8E3C-47F4-B891-FBF3878A978E}"
EndProject
Project("{FAE04EC0-301F-11D3-BF4B-00C04F79EFBC}") = "EX3", "ExPropostos\EX3\EX3.csproj", "{0A83E9DA-E2ED-455D-B4F8-2FA0865BFE50}"
EndProject
Project("{FAE04EC0-301F-11D3-BF4B-00C04F79EFBC}") = "MembrosEstaticos", "MembrosEstaticos\MembrosEstaticos.csproj", "{776DF1A6-7BFB-4723-917F-8118BEC0F4FA}"
EndProject
Global
	GlobalSection(SolutionConfigurationPlatforms) = preSolution
		Debug|Any CPU = Debug|Any CPU
		Debug|x64 = Debug|x64
		Debug|x86 = Debug|x86
		Release|Any CPU = Release|Any CPU
		Release|x64 = Release|x64
		Release|x86 = Release|x86
	EndGlobalSection
	GlobalSection(ProjectConfigurationPlatforms) = postSolution
		{B48B7522-4254-4DD9-B1C6-D5E61EA433D9}.Debug|Any CPU.ActiveCfg = Debug|Any CPU
		{B48B7522-4254-4DD9-B1C6-D5E61EA433D9}.Debug|Any CPU.Build.0 = Debug|Any CPU
		{B48B7522-4254-4DD9-B1C6-D5E61EA433D9}.Debug|x64.ActiveCfg = Debug|Any CPU
		{B48B7522-4254-4DD9-B1C6-D5E61EA433D9}.Debug|x64.Build.0 = Debug|Any CPU
		{B48B7522-4254-4DD9-B1C6-D5E61EA433D9}.Debug|x86.ActiveCfg = Debug|Any CPU
		{B48B7522-4254-4DD9-B1C6-D5E61EA433D9}.Debug|x86.Build.0 = Debug|Any CPU
		{B48B7522-4254-4DD9-B1C6-D5E61EA433D9}.Release|Any CPU.ActiveCfg = Release|Any CPU
		{B48B7522-4254-4DD9-B1C6-D5E61EA433D9}.Release|Any CPU.Build.0 = Release|Any CPU
		{B48B7522-4254-4DD9-B1C6-D5E61EA433D9}.Release|x64.ActiveCfg = Release|Any CPU
		{B48B7522-4254-4DD9-B1C6-D5E61EA433D9}.Release|x64.Build.0 = Release|Any CPU
		{B48B7522-4254-4DD9-B1C6-D5E61EA433D9}.Release|x86.ActiveCfg = Release|Any CPU
		{B48B7522-4254-4DD9-B1C6-D5E61EA433D9}.Release|x86.Build.0 = Release|Any CPU
		{B6BD99AE-4AE9-4A77-A2EE-CF8D7FDFD485}.Debug|Any CPU.ActiveCfg = Debug|Any CPU
		{B6BD99AE-4AE9-4A77-A2EE-CF8D7FDFD485}.Debug|Any CPU.Build.0 = Debug|Any CPU
		{B6BD99AE-4AE9-4A77-A2EE-CF8D7FDFD485}.Debug|x64.ActiveCfg = Debug|Any CPU
		{B6BD99AE-4AE9-4A77-A2EE-CF8D7FDFD485}.Debug|x64.Build.0 = Debug|Any CPU
		{B6BD99AE-4AE9-4A77-A2EE-CF8D7FDFD485}.Debug|x86.ActiveCfg = Debug|Any CPU
		{B6BD99AE-4AE9-4A77-A2EE-CF8D7FDFD485}.Debug|x86.Build.0 = Debug|Any CPU
		{B6BD99AE-4AE9-4A77-A2EE-CF8D7FDFD485}.Release|Any CPU.ActiveCfg = Release|Any CPU
		{B6BD99AE-4AE9-4A77-A2EE-CF8D7FDFD485}.Release|Any CPU.Build.0 = Release|Any CPU
		{B6BD99AE-4AE9-4A77-A2EE-CF8D7FDFD485}.Release|x64.ActiveCfg = Release|Any CPU
		{B6BD99AE-4AE9-4A77-A2EE-CF8D7FDFD485}.Release|x64.Build.0 = Release|Any CPU
		{B6BD99AE-4AE9-4A77-A2EE-CF8D7FDFD485}.Release|x86.ActiveCfg = Release|Any CPU
		{B6BD99AE-4AE9-4A77-A2EE-CF8D7FDFD485}.Release|x86.Build.0 = Release|Any CPU
		{5E015F71-0247-48C6-A3F2-E98E46BE9B74}.Debug|Any CPU.ActiveCfg = Debug|Any CPU
		{5E015F71-0247-48C6-A3F2-E98E46BE9B74}.Debug|Any CPU.Build.0 = Debug|Any CPU
		{5E015F71-0247-48C6-A3F2-E98E46BE9B74}.Debug|x64.ActiveCfg = Debug|Any CPU
		{5E015F71-0247-48C6-A3F2-E98E46BE9B74}.Debug|x64.Build.0 = Debug|Any CPU
		{5E015F71-0247-48C6-A3F2-E98E46BE9B74}.Debug|x86.ActiveCfg = Debug|Any CPU
		{5E015F71-0247-48C6-A3F2-E98E46BE9B74}.Debug|x86.Build.0 = Debug|Any CPU
		{5E015F71-0247-48C6-A3F2-E98E46BE9B74}.Release|Any CPU.ActiveCfg = Release|Any CPU
		{5E015F71-0247-48C6-A3F2-E98E46BE9B74}.Release|Any CPU.Build.0 = Release|Any CPU
		{5E015F71-0247-48C6-A3F2-E98E46BE9B74}.Release|x64.ActiveCfg = Release|Any CPU
		{5E015F71-0247-48C6-A3F2-E98E46BE9B74}.Release|x64.Build.0 = Release|Any CPU
		{5E015F71-0247-48C6-A3F2-E98E46BE9B74}.Release|x86.ActiveCfg = Release|Any CPU
		{5E015F71-0247-48C6-A3F2-E98E46BE9B74}.Release|x86.Build.0 = Release|Any CPU
		{3D400263-BD30-4D03-9C16-292EACFB18BA}.Debug|Any CPU.ActiveCfg = Debug|Any CPU
		{3D400263-BD30-4D03-9C16-292EACFB18BA}.Debug|Any CPU.Build.0 = Debug|Any CPU
		{3D400263-BD30-4D03-9C16-292EACFB18BA}.Debug|x64.ActiveCfg = Debug|Any CPU
		{3D400263-BD30-4D03-9C16-292EACFB18BA}.Debug|x64.Build.0 = Debug|Any CPU
		{3D400263-BD30-4D03-9C16-292EACFB18BA}.Debug|x86.ActiveCfg = Debug|Any CPU
		{3D400263-BD30-4D03-9C16-292EACFB18BA}.Debug|x86.Build.0 = Debug|Any CPU
		{3D400263-BD30-4D03-9C16-292EACFB18BA}.Release|Any CPU.ActiveCfg = Release|Any CPU
		{3D400263-BD30-4D03-9C16-292EACFB18BA}.Release|Any CPU.Build.0 = Release|Any CPU
		{3D400263-BD30-4D03-9C16-292EACFB18BA}.Release|x64.ActiveCfg = Release|Any CPU
		{3D400263-BD30-4D03-9C16-292EACFB18BA}.Release|x64.Build.0 = Release|Any CPU
		{3D400263-BD30-4D03-9C16-292EACFB18BA}.Release|x86.ActiveCfg = Release|Any CPU
		{3D400263-BD30-4D03-9C16-292EACFB18BA}.Release|x86.Build.0 = Release|Any CPU
		{1D5D87FE-8E3C-47F4-B891-FBF3878A978E}.Debug|Any CPU.ActiveCfg = Debug|Any CPU
		{1D5D87FE-8E3C-47F4-B891-FBF3878A978E}.Debug|Any CPU.Build.0 = Debug|Any CPU
		{1D5D87FE-8E3C-47F4-B891-FBF3878A978E}.Debug|x64.ActiveCfg = Debug|Any CPU
		{1D5D87FE-8E3C-47F4-B891-FBF3878A978E}.Debug|x64.Build.0 = Debug|Any CPU
		{1D5D87FE-8E3C-47F4-B891-FBF3878A978E}.Debug|x86.ActiveCfg = Debug|Any CPU
		{1D5D87FE-8E3C-47F4-B891-FBF3878A978E}.Debug|x86.Build.0 = Debug|Any CPU
		{1D5D87FE-8E3C-47F4-B891-FBF3878A978E}.Release|Any CPU.ActiveCfg = Release|Any CPU
		{1D5D87FE-8E3C-47F4-B891-FBF3878A978E}.Release|Any CPU.Build.0 = Release|Any CPU
		{1D5D87FE-8E3C-47F4-B891-FBF3878A978E}.Release|x64.ActiveCfg = Release|Any CPU
		{1D5D87FE-8E3C-47F4-B891-FBF3878A978E}.Release|x64.Build.0 = Release|Any CPU
		{1D5D87FE-8E3C-47F4-B891-FBF3878A978E}.Release|x86.ActiveCfg = Release|Any CPU
		{1D5D87FE-8E3C-47F4-B891-FBF3878A978E}.Release|x86.Build.0 = Release|Any CPU
		{0A83E9DA-E2ED-455D-B4F8-2FA0865BFE50}.Debug|Any CPU.ActiveCfg = Debug|Any CPU
		{0A83E9DA-E2ED-455D-B4F8-2FA0865BFE50}.Debug|Any CPU.Build.0 = Debug|Any CPU
		{0A83E9DA-E2ED-455D-B4F8-2FA0865BFE50}.Debug|x64.ActiveCfg = Debug|Any CPU
		{0A83E9DA-E2ED-455D-B4F8-2FA0865BFE50}.Debug|x64.Build.0 = Debug|Any CPU
		{0A83E9DA-E2ED-455D-B4F8-2FA0865BFE50}.Debug|x86.ActiveCfg = Debug|Any CPU
		{0A83E9DA-E2ED-455D-B4F8-2FA0865BFE50}.Debug|x86.Build.0 = Debug|Any CPU
		{0A83E9DA-E2ED-455D-B4F8-2FA0865BFE50}.Release|Any CPU.ActiveCfg = Release|Any CPU
		{0A83E9DA-E2ED-455D-B4F8-2FA0865BFE50}.Release|Any CPU.Build.0 = Release|Any CPU
		{0A83E9DA-E2ED-455D-B4F8-2FA0865BFE50}.Release|x64.ActiveCfg = Release|Any CPU
		{0A83E9DA-E2ED-455D-B4F8-2FA0865BFE50}.Release|x64.Build.0 = Release|Any CPU
		{0A83E9DA-E2ED-455D-B4F8-2FA0865BFE50}.Release|x86.ActiveCfg = Release|Any CPU
		{0A83E9DA-E2ED-455D-B4F8-2FA0865BFE50}.Release|x86.Build.0 = Release|Any CPU
		{776DF1A6-7BFB-4723-917F-8118BEC0F4FA}.Debug|Any CPU.ActiveCfg = Debug|Any CPU
		{776DF1A6-7BFB-4723-917F-8118BEC0F4FA}.Debug|Any CPU.Build.0 = Debug|Any CPU
		{776DF1A6-7BFB-4723-917F-8118BEC0F4FA}.Debug|x64.ActiveCfg = Debug|Any CPU
		{776DF1A6-7BFB-4723-917F-8118BEC0F4FA}.Debug|x64.Build.0 = Debug|Any CPU
		{776DF1A6-7BFB-4723-917F-8118BEC0F4FA}.Debug|x86.ActiveCfg = Debug|Any CPU
		{776DF1A6-7BFB-4723-917F-8118BEC0F4FA}.Debug|x86.Build.0 = Debug|Any CPU
		{776DF1A6-7BFB-4723-917F-8118BEC0F4FA}.Release|Any CPU.ActiveCfg = Release|Any CPU
		{776DF1A6-7BFB-4723-917F-8118BEC0F4FA}.Release|Any CPU.Build.0 = Release|Any CPU
		{776DF1A6-7BFB-4723-917F-8118BEC0F4FA}.Release|x64.ActiveCfg = Release|Any CPU
		{776DF1A6-7BFB-4723-917F-8118BEC0F4FA}.Release|x64.Build.0 = Release|Any CPU
		{776DF1A6-7BFB-4723-917F-8118BEC0F4FA}.Release|x86.ActiveCfg = Release|Any CPU
		{776DF1A6-7BFB-4723-917F-8118BEC0F4FA}.Release|x86.Build.0 = Release|Any CPU
	EndGlobalSection
	GlobalSection(SolutionProperties) = preSolution
		HideSolutionNode = FALSE
	EndGlobalSection
	GlobalSection(NestedProjects) = preSolution
		{5E015F71-0247-48C6-A3F2-E98E46BE9B74} = {C288065C-2CEF-78A7-B1E0-7A670E555337}
		{1D5D87FE-8E3C-47F4-B891-FBF3878A978E} = {C288065C-2CEF-78A7-B1E0-7A670E555337}
		{0A83E9DA-E2ED-455D-B4F8-2FA0865BFE50} = {C288065C-2CEF-78A7-B1E0-7A670E555337}
	EndGlobalSection
EndGlobal
