
Microsoft Visual Studio Solution File, Format Version 12.00
# Visual Studio Version 17
VisualStudioVersion = 17.14.36429.23 d17.14
MinimumVisualStudioVersion = 10.0.40219.1
Project("{FAE04EC0-301F-11D3-BF4B-00C04F79EFBC}") = "EscopoEInicializacao", "EscopoEInicializacao\EscopoEInicializacao.csproj", "{5FEFCFA3-2757-4A62-8D89-861C55FB919B}"
EndProject
Global
	GlobalSection(SolutionConfigurationPlatforms) = preSolution
		Debug|Any CPU = Debug|Any CPU
		Release|Any CPU = Release|Any CPU
	EndGlobalSection
	GlobalSection(ProjectConfigurationPlatforms) = postSolution
		{5FEFCFA3-2757-4A62-8D89-861C55FB919B}.Debug|Any CPU.ActiveCfg = Debug|Any CPU
		{5FEFCFA3-2757-4A62-8D89-861C55FB919B}.Debug|Any CPU.Build.0 = Debug|Any CPU
		{5FEFCFA3-2757-4A62-8D89-861C55FB919B}.Release|Any CPU.ActiveCfg = Release|Any CPU
		{5FEFCFA3-2757-4A62-8D89-861C55FB919B}.Release|Any CPU.Build.0 = Release|Any CPU
	EndGlobalSection
	GlobalSection(SolutionProperties) = preSolution
		HideSolutionNode = FALSE
	EndGlobalSection
	GlobalSection(ExtensibilityGlobals) = postSolution
		SolutionGuid = {5A06F2CF-20B4-4C11-91C8-925371CDC780}
	EndGlobalSection
EndGlobal
