
Microsoft Visual Studio Solution File, Format Version 12.00
# Visual Studio Version 17
VisualStudioVersion = 17.14.36429.23 d17.14
MinimumVisualStudioVersion = 10.0.40219.1
Project("{FAE04EC0-301F-11D3-BF4B-00C04F79EFBC}") = "EX3", "EX3\EX3.csproj", "{3A23D3F3-9A67-41FA-A7D7-0A32C544D616}"
EndProject
Global
	GlobalSection(SolutionConfigurationPlatforms) = preSolution
		Debug|Any CPU = Debug|Any CPU
		Release|Any CPU = Release|Any CPU
	EndGlobalSection
	GlobalSection(ProjectConfigurationPlatforms) = postSolution
		{3A23D3F3-9A67-41FA-A7D7-0A32C544D616}.Debug|Any CPU.ActiveCfg = Debug|Any CPU
		{3A23D3F3-9A67-41FA-A7D7-0A32C544D616}.Debug|Any CPU.Build.0 = Debug|Any CPU
		{3A23D3F3-9A67-41FA-A7D7-0A32C544D616}.Release|Any CPU.ActiveCfg = Release|Any CPU
		{3A23D3F3-9A67-41FA-A7D7-0A32C544D616}.Release|Any CPU.Build.0 = Release|Any CPU
	EndGlobalSection
	GlobalSection(SolutionProperties) = preSolution
		HideSolutionNode = FALSE
	EndGlobalSection
	GlobalSection(ExtensibilityGlobals) = postSolution
		SolutionGuid = {1B87D17C-F0B4-4AE0-AAD7-B5AD08C8B9FB}
	EndGlobalSection
EndGlobal
