
Microsoft Visual Studio Solution File, Format Version 12.00
# Visual Studio Version 17
VisualStudioVersion = 17.14.36429.23 d17.14
MinimumVisualStudioVersion = 10.0.40219.1
Project("{FAE04EC0-301F-11D3-BF4B-00C04F79EFBC}") = "EX1", "EX1\EX1.csproj", "{D9112E40-A614-43A3-A830-C04848D0CF71}"
EndProject
Global
	GlobalSection(SolutionConfigurationPlatforms) = preSolution
		Debug|Any CPU = Debug|Any CPU
		Release|Any CPU = Release|Any CPU
	EndGlobalSection
	GlobalSection(ProjectConfigurationPlatforms) = postSolution
		{D9112E40-A614-43A3-A830-C04848D0CF71}.Debug|Any CPU.ActiveCfg = Debug|Any CPU
		{D9112E40-A614-43A3-A830-C04848D0CF71}.Debug|Any CPU.Build.0 = Debug|Any CPU
		{D9112E40-A614-43A3-A830-C04848D0CF71}.Release|Any CPU.ActiveCfg = Release|Any CPU
		{D9112E40-A614-43A3-A830-C04848D0CF71}.Release|Any CPU.Build.0 = Release|Any CPU
	EndGlobalSection
	GlobalSection(SolutionProperties) = preSolution
		HideSolutionNode = FALSE
	EndGlobalSection
	GlobalSection(ExtensibilityGlobals) = postSolution
		SolutionGuid = {DE92AD56-1471-48E3-99B5-A619210ADC05}
	EndGlobalSection
EndGlobal
