
Microsoft Visual Studio Solution File, Format Version 12.00
# Visual Studio Version 17
VisualStudioVersion = 17.14.36414.22 d17.14
MinimumVisualStudioVersion = 10.0.40219.1
Project("{FAE04EC0-301F-11D3-BF4B-00C04F79EFBC}") = "PrimeiroProjeto", "PrimeiroProjeto\PrimeiroProjeto.csproj", "{8DC793FC-6230-489D-934D-BA1C34A9AB89}"
EndProject
Global
	GlobalSection(SolutionConfigurationPlatforms) = preSolution
		Debug|Any CPU = Debug|Any CPU
		Release|Any CPU = Release|Any CPU
	EndGlobalSection
	GlobalSection(ProjectConfigurationPlatforms) = postSolution
		{8DC793FC-6230-489D-934D-BA1C34A9AB89}.Debug|Any CPU.ActiveCfg = Debug|Any CPU
		{8DC793FC-6230-489D-934D-BA1C34A9AB89}.Debug|Any CPU.Build.0 = Debug|Any CPU
		{8DC793FC-6230-489D-934D-BA1C34A9AB89}.Release|Any CPU.ActiveCfg = Release|Any CPU
		{8DC793FC-6230-489D-934D-BA1C34A9AB89}.Release|Any CPU.Build.0 = Release|Any CPU
	EndGlobalSection
	GlobalSection(SolutionProperties) = preSolution
		HideSolutionNode = FALSE
	EndGlobalSection
	GlobalSection(ExtensibilityGlobals) = postSolution
		SolutionGuid = {4135DBAD-5714-4244-ACEE-3FF8885E558F}
	EndGlobalSection
EndGlobal
