
Microsoft Visual Studio Solution File, Format Version 12.00
# Visual Studio Version 17
VisualStudioVersion = 17.14.36429.23 d17.14
MinimumVisualStudioVersion = 10.0.40219.1
Project("{FAE04EC0-301F-11D3-BF4B-00C04F79EFBC}") = "EntradaDeDadosPT1", "EntradaDeDadosPT1\EntradaDeDadosPT1.csproj", "{054F54D1-8ACE-4A8C-A4D9-079B57099711}"
EndProject
Global
	GlobalSection(SolutionConfigurationPlatforms) = preSolution
		Debug|Any CPU = Debug|Any CPU
		Release|Any CPU = Release|Any CPU
	EndGlobalSection
	GlobalSection(ProjectConfigurationPlatforms) = postSolution
		{054F54D1-8ACE-4A8C-A4D9-079B57099711}.Debug|Any CPU.ActiveCfg = Debug|Any CPU
		{054F54D1-8ACE-4A8C-A4D9-079B57099711}.Debug|Any CPU.Build.0 = Debug|Any CPU
		{054F54D1-8ACE-4A8C-A4D9-079B57099711}.Release|Any CPU.ActiveCfg = Release|Any CPU
		{054F54D1-8ACE-4A8C-A4D9-079B57099711}.Release|Any CPU.Build.0 = Release|Any CPU
	EndGlobalSection
	GlobalSection(SolutionProperties) = preSolution
		HideSolutionNode = FALSE
	EndGlobalSection
	GlobalSection(ExtensibilityGlobals) = postSolution
		SolutionGuid = {1E950FAE-7D5B-4216-AD9B-21232F0C4DF9}
	EndGlobalSection
EndGlobal
