
Microsoft Visual Studio Solution File, Format Version 12.00
# Visual Studio Version 17
VisualStudioVersion = 17.0.31903.59
MinimumVisualStudioVersion = 10.0.40219.1
Project("{FAE04EC0-301F-11D3-BF4B-00C04F79EFBC}") = "InferenciaVAR", "InferenciaVAR\InferenciaVAR.csproj", "{74D6E3B2-7EA2-4668-8947-FF8EC4E4D605}"
EndProject
Project("{FAE04EC0-301F-11D3-BF4B-00C04F79EFBC}") = "SwitchCase", "SwitchCase\SwitchCase.csproj", "{CFB956D5-627F-4F50-AD5E-A961A65646DE}"
EndProject
Project("{FAE04EC0-301F-11D3-BF4B-00C04F79EFBC}") = "CondicionalTernaria", "CondicionalTernaria\CondicionalTernaria.csproj", "{E43C6D57-AE3C-4FC6-BEFA-DC9C4873DA94}"
EndProject
Project("{FAE04EC0-301F-11D3-BF4B-00C04F79EFBC}") = "FuncoesParaString", "FuncoesParaString\FuncoesParaString.csproj", "{4026748F-F379-40EA-BEC2-6A9C28360ABC}"
EndProject
Project("{FAE04EC0-301F-11D3-BF4B-00C04F79EFBC}") = "Datetime", "Datetime\Datetime.csproj", "{138C7899-26DA-4923-9510-C50722B04D91}"
EndProject
Project("{FAE04EC0-301F-11D3-BF4B-00C04F79EFBC}") = "Timespan", "Timespan\Timespan.csproj", "{90573DBE-AE91-4BA7-BC17-824DF4AA4E86}"
EndProject
Project("{FAE04EC0-301F-11D3-BF4B-00C04F79EFBC}") = "OpComDateTime", "OpComDateTime\OpComDateTime.csproj", "{D8716F9C-F38C-454A-AE49-3D7CEB8EF484}"
EndProject
Project("{FAE04EC0-301F-11D3-BF4B-00C04F79EFBC}") = "OpComTimeSpan", "OpComTimeSpan\OpComTimeSpan.csproj", "{C33013CF-F80C-4344-97D4-EAB9AFDB8349}"
EndProject
Global
	GlobalSection(SolutionConfigurationPlatforms) = preSolution
		Debug|Any CPU = Debug|Any CPU
		Debug|x64 = Debug|x64
		Debug|x86 = Debug|x86
		Release|Any CPU = Release|Any CPU
		Release|x64 = Release|x64
		Release|x86 = Release|x86
	EndGlobalSection
	GlobalSection(ProjectConfigurationPlatforms) = postSolution
		{74D6E3B2-7EA2-4668-8947-FF8EC4E4D605}.Debug|Any CPU.ActiveCfg = Debug|Any CPU
		{74D6E3B2-7EA2-4668-8947-FF8EC4E4D605}.Debug|Any CPU.Build.0 = Debug|Any CPU
		{74D6E3B2-7EA2-4668-8947-FF8EC4E4D605}.Debug|x64.ActiveCfg = Debug|Any CPU
		{74D6E3B2-7EA2-4668-8947-FF8EC4E4D605}.Debug|x64.Build.0 = Debug|Any CPU
		{74D6E3B2-7EA2-4668-8947-FF8EC4E4D605}.Debug|x86.ActiveCfg = Debug|Any CPU
		{74D6E3B2-7EA2-4668-8947-FF8EC4E4D605}.Debug|x86.Build.0 = Debug|Any CPU
		{74D6E3B2-7EA2-4668-8947-FF8EC4E4D605}.Release|Any CPU.ActiveCfg = Release|Any CPU
		{74D6E3B2-7EA2-4668-8947-FF8EC4E4D605}.Release|Any CPU.Build.0 = Release|Any CPU
		{74D6E3B2-7EA2-4668-8947-FF8EC4E4D605}.Release|x64.ActiveCfg = Release|Any CPU
		{74D6E3B2-7EA2-4668-8947-FF8EC4E4D605}.Release|x64.Build.0 = Release|Any CPU
		{74D6E3B2-7EA2-4668-8947-FF8EC4E4D605}.Release|x86.ActiveCfg = Release|Any CPU
		{74D6E3B2-7EA2-4668-8947-FF8EC4E4D605}.Release|x86.Build.0 = Release|Any CPU
		{CFB956D5-627F-4F50-AD5E-A961A65646DE}.Debug|Any CPU.ActiveCfg = Debug|Any CPU
		{CFB956D5-627F-4F50-AD5E-A961A65646DE}.Debug|Any CPU.Build.0 = Debug|Any CPU
		{CFB956D5-627F-4F50-AD5E-A961A65646DE}.Debug|x64.ActiveCfg = Debug|Any CPU
		{CFB956D5-627F-4F50-AD5E-A961A65646DE}.Debug|x64.Build.0 = Debug|Any CPU
		{CFB956D5-627F-4F50-AD5E-A961A65646DE}.Debug|x86.ActiveCfg = Debug|Any CPU
		{CFB956D5-627F-4F50-AD5E-A961A65646DE}.Debug|x86.Build.0 = Debug|Any CPU
		{CFB956D5-627F-4F50-AD5E-A961A65646DE}.Release|Any CPU.ActiveCfg = Release|Any CPU
		{CFB956D5-627F-4F50-AD5E-A961A65646DE}.Release|Any CPU.Build.0 = Release|Any CPU
		{CFB956D5-627F-4F50-AD5E-A961A65646DE}.Release|x64.ActiveCfg = Release|Any CPU
		{CFB956D5-627F-4F50-AD5E-A961A65646DE}.Release|x64.Build.0 = Release|Any CPU
		{CFB956D5-627F-4F50-AD5E-A961A65646DE}.Release|x86.ActiveCfg = Release|Any CPU
		{CFB956D5-627F-4F50-AD5E-A961A65646DE}.Release|x86.Build.0 = Release|Any CPU
		{E43C6D57-AE3C-4FC6-BEFA-DC9C4873DA94}.Debug|Any CPU.ActiveCfg = Debug|Any CPU
		{E43C6D57-AE3C-4FC6-BEFA-DC9C4873DA94}.Debug|Any CPU.Build.0 = Debug|Any CPU
		{E43C6D57-AE3C-4FC6-BEFA-DC9C4873DA94}.Debug|x64.ActiveCfg = Debug|Any CPU
		{E43C6D57-AE3C-4FC6-BEFA-DC9C4873DA94}.Debug|x64.Build.0 = Debug|Any CPU
		{E43C6D57-AE3C-4FC6-BEFA-DC9C4873DA94}.Debug|x86.ActiveCfg = Debug|Any CPU
		{E43C6D57-AE3C-4FC6-BEFA-DC9C4873DA94}.Debug|x86.Build.0 = Debug|Any CPU
		{E43C6D57-AE3C-4FC6-BEFA-DC9C4873DA94}.Release|Any CPU.ActiveCfg = Release|Any CPU
		{E43C6D57-AE3C-4FC6-BEFA-DC9C4873DA94}.Release|Any CPU.Build.0 = Release|Any CPU
		{E43C6D57-AE3C-4FC6-BEFA-DC9C4873DA94}.Release|x64.ActiveCfg = Release|Any CPU
		{E43C6D57-AE3C-4FC6-BEFA-DC9C4873DA94}.Release|x64.Build.0 = Release|Any CPU
		{E43C6D57-AE3C-4FC6-BEFA-DC9C4873DA94}.Release|x86.ActiveCfg = Release|Any CPU
		{E43C6D57-AE3C-4FC6-BEFA-DC9C4873DA94}.Release|x86.Build.0 = Release|Any CPU
		{4026748F-F379-40EA-BEC2-6A9C28360ABC}.Debug|Any CPU.ActiveCfg = Debug|Any CPU
		{4026748F-F379-40EA-BEC2-6A9C28360ABC}.Debug|Any CPU.Build.0 = Debug|Any CPU
		{4026748F-F379-40EA-BEC2-6A9C28360ABC}.Debug|x64.ActiveCfg = Debug|Any CPU
		{4026748F-F379-40EA-BEC2-6A9C28360ABC}.Debug|x64.Build.0 = Debug|Any CPU
		{4026748F-F379-40EA-BEC2-6A9C28360ABC}.Debug|x86.ActiveCfg = Debug|Any CPU
		{4026748F-F379-40EA-BEC2-6A9C28360ABC}.Debug|x86.Build.0 = Debug|Any CPU
		{4026748F-F379-40EA-BEC2-6A9C28360ABC}.Release|Any CPU.ActiveCfg = Release|Any CPU
		{4026748F-F379-40EA-BEC2-6A9C28360ABC}.Release|Any CPU.Build.0 = Release|Any CPU
		{4026748F-F379-40EA-BEC2-6A9C28360ABC}.Release|x64.ActiveCfg = Release|Any CPU
		{4026748F-F379-40EA-BEC2-6A9C28360ABC}.Release|x64.Build.0 = Release|Any CPU
		{4026748F-F379-40EA-BEC2-6A9C28360ABC}.Release|x86.ActiveCfg = Release|Any CPU
		{4026748F-F379-40EA-BEC2-6A9C28360ABC}.Release|x86.Build.0 = Release|Any CPU
		{138C7899-26DA-4923-9510-C50722B04D91}.Debug|Any CPU.ActiveCfg = Debug|Any CPU
		{138C7899-26DA-4923-9510-C50722B04D91}.Debug|Any CPU.Build.0 = Debug|Any CPU
		{138C7899-26DA-4923-9510-C50722B04D91}.Debug|x64.ActiveCfg = Debug|Any CPU
		{138C7899-26DA-4923-9510-C50722B04D91}.Debug|x64.Build.0 = Debug|Any CPU
		{138C7899-26DA-4923-9510-C50722B04D91}.Debug|x86.ActiveCfg = Debug|Any CPU
		{138C7899-26DA-4923-9510-C50722B04D91}.Debug|x86.Build.0 = Debug|Any CPU
		{138C7899-26DA-4923-9510-C50722B04D91}.Release|Any CPU.ActiveCfg = Release|Any CPU
		{138C7899-26DA-4923-9510-C50722B04D91}.Release|Any CPU.Build.0 = Release|Any CPU
		{138C7899-26DA-4923-9510-C50722B04D91}.Release|x64.ActiveCfg = Release|Any CPU
		{138C7899-26DA-4923-9510-C50722B04D91}.Release|x64.Build.0 = Release|Any CPU
		{138C7899-26DA-4923-9510-C50722B04D91}.Release|x86.ActiveCfg = Release|Any CPU
		{138C7899-26DA-4923-9510-C50722B04D91}.Release|x86.Build.0 = Release|Any CPU
		{90573DBE-AE91-4BA7-BC17-824DF4AA4E86}.Debug|Any CPU.ActiveCfg = Debug|Any CPU
		{90573DBE-AE91-4BA7-BC17-824DF4AA4E86}.Debug|Any CPU.Build.0 = Debug|Any CPU
		{90573DBE-AE91-4BA7-BC17-824DF4AA4E86}.Debug|x64.ActiveCfg = Debug|Any CPU
		{90573DBE-AE91-4BA7-BC17-824DF4AA4E86}.Debug|x64.Build.0 = Debug|Any CPU
		{90573DBE-AE91-4BA7-BC17-824DF4AA4E86}.Debug|x86.ActiveCfg = Debug|Any CPU
		{90573DBE-AE91-4BA7-BC17-824DF4AA4E86}.Debug|x86.Build.0 = Debug|Any CPU
		{90573DBE-AE91-4BA7-BC17-824DF4AA4E86}.Release|Any CPU.ActiveCfg = Release|Any CPU
		{90573DBE-AE91-4BA7-BC17-824DF4AA4E86}.Release|Any CPU.Build.0 = Release|Any CPU
		{90573DBE-AE91-4BA7-BC17-824DF4AA4E86}.Release|x64.ActiveCfg = Release|Any CPU
		{90573DBE-AE91-4BA7-BC17-824DF4AA4E86}.Release|x64.Build.0 = Release|Any CPU
		{90573DBE-AE91-4BA7-BC17-824DF4AA4E86}.Release|x86.ActiveCfg = Release|Any CPU
		{90573DBE-AE91-4BA7-BC17-824DF4AA4E86}.Release|x86.Build.0 = Release|Any CPU
		{D8716F9C-F38C-454A-AE49-3D7CEB8EF484}.Debug|Any CPU.ActiveCfg = Debug|Any CPU
		{D8716F9C-F38C-454A-AE49-3D7CEB8EF484}.Debug|Any CPU.Build.0 = Debug|Any CPU
		{D8716F9C-F38C-454A-AE49-3D7CEB8EF484}.Debug|x64.ActiveCfg = Debug|Any CPU
		{D8716F9C-F38C-454A-AE49-3D7CEB8EF484}.Debug|x64.Build.0 = Debug|Any CPU
		{D8716F9C-F38C-454A-AE49-3D7CEB8EF484}.Debug|x86.ActiveCfg = Debug|Any CPU
		{D8716F9C-F38C-454A-AE49-3D7CEB8EF484}.Debug|x86.Build.0 = Debug|Any CPU
		{D8716F9C-F38C-454A-AE49-3D7CEB8EF484}.Release|Any CPU.ActiveCfg = Release|Any CPU
		{D8716F9C-F38C-454A-AE49-3D7CEB8EF484}.Release|Any CPU.Build.0 = Release|Any CPU
		{D8716F9C-F38C-454A-AE49-3D7CEB8EF484}.Release|x64.ActiveCfg = Release|Any CPU
		{D8716F9C-F38C-454A-AE49-3D7CEB8EF484}.Release|x64.Build.0 = Release|Any CPU
		{D8716F9C-F38C-454A-AE49-3D7CEB8EF484}.Release|x86.ActiveCfg = Release|Any CPU
		{D8716F9C-F38C-454A-AE49-3D7CEB8EF484}.Release|x86.Build.0 = Release|Any CPU
		{C33013CF-F80C-4344-97D4-EAB9AFDB8349}.Debug|Any CPU.ActiveCfg = Debug|Any CPU
		{C33013CF-F80C-4344-97D4-EAB9AFDB8349}.Debug|Any CPU.Build.0 = Debug|Any CPU
		{C33013CF-F80C-4344-97D4-EAB9AFDB8349}.Debug|x64.ActiveCfg = Debug|Any CPU
		{C33013CF-F80C-4344-97D4-EAB9AFDB8349}.Debug|x64.Build.0 = Debug|Any CPU
		{C33013CF-F80C-4344-97D4-EAB9AFDB8349}.Debug|x86.ActiveCfg = Debug|Any CPU
		{C33013CF-F80C-4344-97D4-EAB9AFDB8349}.Debug|x86.Build.0 = Debug|Any CPU
		{C33013CF-F80C-4344-97D4-EAB9AFDB8349}.Release|Any CPU.ActiveCfg = Release|Any CPU
		{C33013CF-F80C-4344-97D4-EAB9AFDB8349}.Release|Any CPU.Build.0 = Release|Any CPU
		{C33013CF-F80C-4344-97D4-EAB9AFDB8349}.Release|x64.ActiveCfg = Release|Any CPU
		{C33013CF-F80C-4344-97D4-EAB9AFDB8349}.Release|x64.Build.0 = Release|Any CPU
		{C33013CF-F80C-4344-97D4-EAB9AFDB8349}.Release|x86.ActiveCfg = Release|Any CPU
		{C33013CF-F80C-4344-97D4-EAB9AFDB8349}.Release|x86.Build.0 = Release|Any CPU
	EndGlobalSection
	GlobalSection(SolutionProperties) = preSolution
		HideSolutionNode = FALSE
	EndGlobalSection
EndGlobal
